{
  "object": {
    "pins": [
      {
        "package": "CocoaAsyncSocket",
        "repositoryURL": "https://github.com/robbiehanson/CocoaAsyncSocket",
        "state": {
          "branch": "master",
          "revision": "5ddba5e72f38e56010dbfac08b44478ee5000c0c",
          "version": null
        }
      }
    ]
  },
  "version": 1
}
